
Microsoft Visual Studio Solution File, Format Version 12.00
# Visual Studio 14
VisualStudioVersion = 14.0.25420.1
MinimumVisualStudioVersion = 10.0.40219.1
Project("{FAE04EC0-301F-11D3-BF4B-00C04F79EFBC}") = "VirtoCommerce.SubscriptionModule.Web", "VirtoCommerce.SubscriptionModule.Web\VirtoCommerce.SubscriptionModule.Web.csproj", "{1B7E2D67-7BF1-48C4-910D-11FF7930D74C}"
	ProjectSection(ProjectDependencies) = postProject
		{F18CA3F3-E2B7-4E3F-934C-600FCCD1C68A} = {F18CA3F3-E2B7-4E3F-934C-600FCCD1C68A}
	EndProjectSection
EndProject
Project("{FAE04EC0-301F-11D3-BF4B-00C04F79EFBC}") = "VirtoCommerce.SubscriptionModule.Data", "VirtoCommerce.SubscriptionModule.Data\VirtoCommerce.SubscriptionModule.Data.csproj", "{F18CA3F3-E2B7-4E3F-934C-600FCCD1C68A}"
EndProject
Project("{FAE04EC0-301F-11D3-BF4B-00C04F79EFBC}") = "VirtoCommerce.SubscriptionModule.Core", "VirtoCommerce.SubscriptionModule.Core\VirtoCommerce.SubscriptionModule.Core.csproj", "{EBA01B1D-A825-40E8-A11B-E2EFBD8B7F3B}"
EndProject
Global
	GlobalSection(SolutionConfigurationPlatforms) = preSolution
		Debug|Any CPU = Debug|Any CPU
		Release|Any CPU = Release|Any CPU
	EndGlobalSection
	GlobalSection(ProjectConfigurationPlatforms) = postSolution
		{1B7E2D67-7BF1-48C4-910D-11FF7930D74C}.Debug|Any CPU.ActiveCfg = Debug|Any CPU
		{1B7E2D67-7BF1-48C4-910D-11FF7930D74C}.Debug|Any CPU.Build.0 = Debug|Any CPU
		{1B7E2D67-7BF1-48C4-910D-11FF7930D74C}.Release|Any CPU.ActiveCfg = Release|Any CPU
		{1B7E2D67-7BF1-48C4-910D-11FF7930D74C}.Release|Any CPU.Build.0 = Release|Any CPU
		{F18CA3F3-E2B7-4E3F-934C-600FCCD1C68A}.Debug|Any CPU.ActiveCfg = Debug|Any CPU
		{F18CA3F3-E2B7-4E3F-934C-600FCCD1C68A}.Debug|Any CPU.Build.0 = Debug|Any CPU
		{F18CA3F3-E2B7-4E3F-934C-600FCCD1C68A}.Release|Any CPU.ActiveCfg = Release|Any CPU
		{F18CA3F3-E2B7-4E3F-934C-600FCCD1C68A}.Release|Any CPU.Build.0 = Release|Any CPU
		{EBA01B1D-A825-40E8-A11B-E2EFBD8B7F3B}.Debug|Any CPU.ActiveCfg = Debug|Any CPU
		{EBA01B1D-A825-40E8-A11B-E2EFBD8B7F3B}.Debug|Any CPU.Build.0 = Debug|Any CPU
		{EBA01B1D-A825-40E8-A11B-E2EFBD8B7F3B}.Release|Any CPU.ActiveCfg = Release|Any CPU
		{EBA01B1D-A825-40E8-A11B-E2EFBD8B7F3B}.Release|Any CPU.Build.0 = Release|Any CPU
	EndGlobalSection
	GlobalSection(SolutionProperties) = preSolution
		HideSolutionNode = FALSE
	EndGlobalSection
EndGlobal
