
Microsoft Visual Studio Solution File, Format Version 12.00
# Visual Studio 15
VisualStudioVersion = 15.0.28307.489
MinimumVisualStudioVersion = 10.0.40219.1
Project("{9A19103F-16F7-4668-BE54-9A1E7A4F7556}") = "VirtoCommerce.SubscriptionModule.Core", "src\VirtoCommerce.SubscriptionModule.Core\VirtoCommerce.SubscriptionModule.Core.csproj", "{F1F2A4AC-08F4-4B3B-97C8-B8670AE5E6D7}"
EndProject
Project("{9A19103F-16F7-4668-BE54-9A1E7A4F7556}") = "VirtoCommerce.SubscriptionModule.Web", "src\VirtoCommerce.SubscriptionModule.Web\VirtoCommerce.SubscriptionModule.Web.csproj", "{A447BFF8-B5DE-45EB-A7EF-22747AAFF81E}"
EndProject
Project("{9A19103F-16F7-4668-BE54-9A1E7A4F7556}") = "_build", "build\_build.csproj", "{C4568BB6-AD65-4F59-9704-65C121C05CBD}"
EndProject
Project("{9A19103F-16F7-4668-BE54-9A1E7A4F7556}") = "VirtoCommerce.SubscriptionModule.Data", "src\VirtoCommerce.SubscriptionModule.Data\VirtoCommerce.SubscriptionModule.Data.csproj", "{40CDC680-F9AD-48B4-8B55-D6375E886299}"
EndProject
Project("{9A19103F-16F7-4668-BE54-9A1E7A4F7556}") = "VirtoCommerce.SubscriptionModule.Test", "tests\VirtoCommerce.SubscriptionModule.Test\VirtoCommerce.SubscriptionModule.Test.csproj", "{6EF440DF-FEB6-4669-99B2-FFECA5CE3559}"
EndProject
Project("{2150E333-8FDC-42A3-9474-1A3956D46DE8}") = "src", "src", "{9478EC17-7E3E-4795-A2AE-B4077F4CB8F7}"
EndProject
Project("{2150E333-8FDC-42A3-9474-1A3956D46DE8}") = "tests", "tests", "{117BD261-8331-40DA-98D1-FACED3AD2D6B}"
EndProject
Global
	GlobalSection(SolutionConfigurationPlatforms) = preSolution
		Debug|Any CPU = Debug|Any CPU
		Release|Any CPU = Release|Any CPU
	EndGlobalSection
	GlobalSection(ProjectConfigurationPlatforms) = postSolution
		{F1F2A4AC-08F4-4B3B-97C8-B8670AE5E6D7}.Debug|Any CPU.ActiveCfg = Debug|Any CPU
		{F1F2A4AC-08F4-4B3B-97C8-B8670AE5E6D7}.Debug|Any CPU.Build.0 = Debug|Any CPU
		{F1F2A4AC-08F4-4B3B-97C8-B8670AE5E6D7}.Release|Any CPU.ActiveCfg = Release|Any CPU
		{F1F2A4AC-08F4-4B3B-97C8-B8670AE5E6D7}.Release|Any CPU.Build.0 = Release|Any CPU
		{A447BFF8-B5DE-45EB-A7EF-22747AAFF81E}.Debug|Any CPU.ActiveCfg = Debug|Any CPU
		{A447BFF8-B5DE-45EB-A7EF-22747AAFF81E}.Debug|Any CPU.Build.0 = Debug|Any CPU
		{A447BFF8-B5DE-45EB-A7EF-22747AAFF81E}.Release|Any CPU.ActiveCfg = Release|Any CPU
		{A447BFF8-B5DE-45EB-A7EF-22747AAFF81E}.Release|Any CPU.Build.0 = Release|Any CPU
		{C4568BB6-AD65-4F59-9704-65C121C05CBD}.Debug|Any CPU.ActiveCfg = Debug|Any CPU
		{C4568BB6-AD65-4F59-9704-65C121C05CBD}.Release|Any CPU.ActiveCfg = Release|Any CPU
		{40CDC680-F9AD-48B4-8B55-D6375E886299}.Debug|Any CPU.ActiveCfg = Debug|Any CPU
		{40CDC680-F9AD-48B4-8B55-D6375E886299}.Debug|Any CPU.Build.0 = Debug|Any CPU
		{40CDC680-F9AD-48B4-8B55-D6375E886299}.Release|Any CPU.ActiveCfg = Release|Any CPU
		{40CDC680-F9AD-48B4-8B55-D6375E886299}.Release|Any CPU.Build.0 = Release|Any CPU
		{6EF440DF-FEB6-4669-99B2-FFECA5CE3559}.Debug|Any CPU.ActiveCfg = Debug|Any CPU
		{6EF440DF-FEB6-4669-99B2-FFECA5CE3559}.Debug|Any CPU.Build.0 = Debug|Any CPU
		{6EF440DF-FEB6-4669-99B2-FFECA5CE3559}.Release|Any CPU.ActiveCfg = Release|Any CPU
		{6EF440DF-FEB6-4669-99B2-FFECA5CE3559}.Release|Any CPU.Build.0 = Release|Any CPU
	EndGlobalSection
	GlobalSection(SolutionProperties) = preSolution
		HideSolutionNode = FALSE
	EndGlobalSection
	GlobalSection(NestedProjects) = preSolution
		{F1F2A4AC-08F4-4B3B-97C8-B8670AE5E6D7} = {9478EC17-7E3E-4795-A2AE-B4077F4CB8F7}
		{A447BFF8-B5DE-45EB-A7EF-22747AAFF81E} = {9478EC17-7E3E-4795-A2AE-B4077F4CB8F7}
		{40CDC680-F9AD-48B4-8B55-D6375E886299} = {9478EC17-7E3E-4795-A2AE-B4077F4CB8F7}
		{6EF440DF-FEB6-4669-99B2-FFECA5CE3559} = {117BD261-8331-40DA-98D1-FACED3AD2D6B}
	EndGlobalSection
	GlobalSection(ExtensibilityGlobals) = postSolution
		SolutionGuid = {9FDF0CE1-6CA9-49CC-8CE3-A5F661DB7C29}
	EndGlobalSection
EndGlobal
